# Regenerated by: make konflux-artifacts-lock (from lightspeed-providers.revision)
metadata:
  version: "1.0"

artifacts:
  - download_url: https://github.com/lightspeed-core/lightspeed-providers/archive/8576c2172087aa32b8eadfa2140a879dec238f00.zip
    checksum: sha256:0e71ab0db8d14abe224cd3cb35b0fe771c187927e5c982a791791bbcfa526cf0
    filename: lightspeed-providers.zip
