# Regenerated by: make konflux-artifacts-lock (from lightspeed-providers.revision)
metadata:
  version: "1.0"

artifacts:
  - download_url: https://github.com/lightspeed-core/lightspeed-providers/archive/8cd1b3d3bdd841ea99d31b334ae00a275581661c.zip
    checksum: sha256:6e660a30babcd1c00eef1686b251f9368410e03e08a7c0d4a680db00693ac448
    filename: lightspeed-providers.zip
