# Regenerated by: make konflux-artifacts-lock (from lightspeed-providers.revision)
metadata:
  version: "1.0"

artifacts:
  - download_url: https://github.com/lightspeed-core/lightspeed-providers/archive/9e073aaaa43a8a5bac38a3bbddbe6cf24842847b.zip
    checksum: sha256:52cd105c351c3645b0b0fbc7c06df5ca200274b843f82f97dfbbb8918aac3a11
    filename: lightspeed-providers.zip
